
Microsoft Visual Studio Solution File, Format Version 12.00
# Visual Studio Version 16
VisualStudioVersion = 16.0.30717.126
MinimumVisualStudioVersion = 10.0.40219.1
Project("{FAE04EC0-301F-11D3-BF4B-00C04F79EFBC}") = "DemoDynamicDataModelWebAPI", "DemoDynamicDataModelWebAPI\DemoDynamicDataModelWebAPI.csproj", "{1FA98A9D-CE44-4AD2-A80C-15E555ED3359}"
EndProject
Global
	GlobalSection(SolutionConfigurationPlatforms) = preSolution
		Debug|Any CPU = Debug|Any CPU
		Release|Any CPU = Release|Any CPU
	EndGlobalSection
	GlobalSection(ProjectConfigurationPlatforms) = postSolution
		{1FA98A9D-CE44-4AD2-A80C-15E555ED3359}.Debug|Any CPU.ActiveCfg = Debug|Any CPU
		{1FA98A9D-CE44-4AD2-A80C-15E555ED3359}.Debug|Any CPU.Build.0 = Debug|Any CPU
		{1FA98A9D-CE44-4AD2-A80C-15E555ED3359}.Release|Any CPU.ActiveCfg = Release|Any CPU
		{1FA98A9D-CE44-4AD2-A80C-15E555ED3359}.Release|Any CPU.Build.0 = Release|Any CPU
	EndGlobalSection
	GlobalSection(SolutionProperties) = preSolution
		HideSolutionNode = FALSE
	EndGlobalSection
	GlobalSection(ExtensibilityGlobals) = postSolution
		SolutionGuid = {D77CC5E1-CC44-4BD0-8310-9C79CA14C1F3}
	EndGlobalSection
EndGlobal
